
Microsoft Visual Studio Solution File, Format Version 12.00
# Visual Studio 14
VisualStudioVersion = 14.0.25420.1
MinimumVisualStudioVersion = 10.0.40219.1
Project("{FAE04EC0-301F-11D3-BF4B-00C04F79EFBC}") = "GameBot.Emulation", "GameBot.Emulation\GameBot.Emulation.csproj", "{99DD5DF9-BE92-4704-83E6-36554B296A90}"
EndProject
Project("{FAE04EC0-301F-11D3-BF4B-00C04F79EFBC}") = "GameBot.Core", "GameBot.Core\GameBot.Core.csproj", "{290C4C98-1BD9-46F1-AF52-5DDEA956F146}"
EndProject
Project("{FAE04EC0-301F-11D3-BF4B-00C04F79EFBC}") = "GameBot.Game.Tetris", "GameBot.Game.Tetris\GameBot.Game.Tetris.csproj", "{F2A4EC65-2EDC-4EDC-810D-0F755243E289}"
EndProject
Project("{FAE04EC0-301F-11D3-BF4B-00C04F79EFBC}") = "GameBot.Test", "GameBot.Test\GameBot.Test.csproj", "{3215B6C9-D709-4786-B90C-B8772967FE7C}"
	ProjectSection(ProjectDependencies) = postProject
		{C6B14A01-1D95-4BAB-901B-3358A4A50719} = {C6B14A01-1D95-4BAB-901B-3358A4A50719}
		{DC648E81-1876-48F8-87EA-8228BAFAEE96} = {DC648E81-1876-48F8-87EA-8228BAFAEE96}
	EndProjectSection
EndProject
Project("{2150E333-8FDC-42A3-9474-1A3956D46DE8}") = "Documents", "Documents", "{DBA13D83-0209-46AB-B5F1-C854BE8C950A}"
	ProjectSection(SolutionItems) = preProject
		Documents\first_idea.jpg = Documents\first_idea.jpg
	EndProjectSection
EndProject
Project("{2150E333-8FDC-42A3-9474-1A3956D46DE8}") = "Roms", "Roms", "{A0DC8FE0-EAC8-4033-9FFE-56A694F0C4CD}"
	ProjectSection(SolutionItems) = preProject
		Roms\battleship.gb = Roms\battleship.gb
		Roms\tetris.gb = Roms\tetris.gb
	EndProjectSection
EndProject
Project("{2150E333-8FDC-42A3-9474-1A3956D46DE8}") = "Screenshots", "Screenshots", "{E0A43A0F-42AB-477B-B844-D61E5D13E692}"
	ProjectSection(SolutionItems) = preProject
		Screenshots\templates.png = Screenshots\templates.png
		Screenshots\tetris_credits.png = Screenshots\tetris_credits.png
		Screenshots\tetris_menu.png = Screenshots\tetris_menu.png
		Screenshots\tetris_menu_atype.png = Screenshots\tetris_menu_atype.png
		Screenshots\tetris_play_1.png = Screenshots\tetris_play_1.png
		Screenshots\tetris_play_2.png = Screenshots\tetris_play_2.png
		Screenshots\tetris_start.png = Screenshots\tetris_start.png
	EndProjectSection
EndProject
Project("{2150E333-8FDC-42A3-9474-1A3956D46DE8}") = "Images", "Images", "{CA14972B-6D28-420A-81A2-AC24B3D70F78}"
	ProjectSection(SolutionItems) = preProject
		Images\tetris_1.jpg = Images\tetris_1.jpg
		Images\tetris_2.jpg = Images\tetris_2.jpg
		Images\tetris_3.jpg = Images\tetris_3.jpg
	EndProjectSection
EndProject
Project("{FAE04EC0-301F-11D3-BF4B-00C04F79EFBC}") = "GameBot.Robot.Ui", "GameBot.Robot.Ui\GameBot.Robot.Ui.csproj", "{3AD8EE7E-AF10-4219-B5D8-EC4DC167F6EB}"
	ProjectSection(ProjectDependencies) = postProject
		{E787F6B0-3372-4DF8-8942-7E8789B83D85} = {E787F6B0-3372-4DF8-8942-7E8789B83D85}
		{DFE3F4EE-2D6F-4B48-87C0-589CB5443133} = {DFE3F4EE-2D6F-4B48-87C0-589CB5443133}
		{99DD5DF9-BE92-4704-83E6-36554B296A90} = {99DD5DF9-BE92-4704-83E6-36554B296A90}
	EndProjectSection
EndProject
Project("{FAE04EC0-301F-11D3-BF4B-00C04F79EFBC}") = "GameBot.Robot.Cli", "GameBot.Robot.Cli\GameBot.Robot.Cli.csproj", "{C6B14A01-1D95-4BAB-901B-3358A4A50719}"
	ProjectSection(ProjectDependencies) = postProject
		{E787F6B0-3372-4DF8-8942-7E8789B83D85} = {E787F6B0-3372-4DF8-8942-7E8789B83D85}
		{DFE3F4EE-2D6F-4B48-87C0-589CB5443133} = {DFE3F4EE-2D6F-4B48-87C0-589CB5443133}
	EndProjectSection
EndProject
Project("{FAE04EC0-301F-11D3-BF4B-00C04F79EFBC}") = "GameBot.Engine.Physical", "GameBot.Engine.Physical\GameBot.Engine.Physical.csproj", "{E787F6B0-3372-4DF8-8942-7E8789B83D85}"
EndProject
Project("{FAE04EC0-301F-11D3-BF4B-00C04F79EFBC}") = "GameBot.Engine.Emulated", "GameBot.Engine.Emulated\GameBot.Engine.Emulated.csproj", "{DFE3F4EE-2D6F-4B48-87C0-589CB5443133}"
EndProject
Project("{FAE04EC0-301F-11D3-BF4B-00C04F79EFBC}") = "GameBot.Game.Tetris.Simulator", "GameBot.Game.Tetris.Simulator\GameBot.Game.Tetris.Simulator.csproj", "{DC648E81-1876-48F8-87EA-8228BAFAEE96}"
EndProject
Project("{2150E333-8FDC-42A3-9474-1A3956D46DE8}") = "ImagePlay", "ImagePlay", "{F3D24052-D728-43B9-A606-6A2BBC612789}"
	ProjectSection(SolutionItems) = preProject
		ImagePlay\tetris_tile_recognition.ipj = ImagePlay\tetris_tile_recognition.ipj
	EndProjectSection
EndProject
Global
	GlobalSection(SolutionConfigurationPlatforms) = preSolution
		Debug|Any CPU = Debug|Any CPU
		Debug|x64 = Debug|x64
		Debug|x86 = Debug|x86
		Release|Any CPU = Release|Any CPU
		Release|x64 = Release|x64
		Release|x86 = Release|x86
	EndGlobalSection
	GlobalSection(ProjectConfigurationPlatforms) = postSolution
		{99DD5DF9-BE92-4704-83E6-36554B296A90}.Debug|Any CPU.ActiveCfg = Debug|Any CPU
		{99DD5DF9-BE92-4704-83E6-36554B296A90}.Debug|Any CPU.Build.0 = Debug|Any CPU
		{99DD5DF9-BE92-4704-83E6-36554B296A90}.Debug|x64.ActiveCfg = Debug|x64
		{99DD5DF9-BE92-4704-83E6-36554B296A90}.Debug|x64.Build.0 = Debug|x64
		{99DD5DF9-BE92-4704-83E6-36554B296A90}.Debug|x86.ActiveCfg = Debug|x86
		{99DD5DF9-BE92-4704-83E6-36554B296A90}.Debug|x86.Build.0 = Debug|x86
		{99DD5DF9-BE92-4704-83E6-36554B296A90}.Release|Any CPU.ActiveCfg = Release|Any CPU
		{99DD5DF9-BE92-4704-83E6-36554B296A90}.Release|Any CPU.Build.0 = Release|Any CPU
		{99DD5DF9-BE92-4704-83E6-36554B296A90}.Release|x64.ActiveCfg = Release|x64
		{99DD5DF9-BE92-4704-83E6-36554B296A90}.Release|x64.Build.0 = Release|x64
		{99DD5DF9-BE92-4704-83E6-36554B296A90}.Release|x86.ActiveCfg = Release|x86
		{99DD5DF9-BE92-4704-83E6-36554B296A90}.Release|x86.Build.0 = Release|x86
		{290C4C98-1BD9-46F1-AF52-5DDEA956F146}.Debug|Any CPU.ActiveCfg = Debug|Any CPU
		{290C4C98-1BD9-46F1-AF52-5DDEA956F146}.Debug|Any CPU.Build.0 = Debug|Any CPU
		{290C4C98-1BD9-46F1-AF52-5DDEA956F146}.Debug|x64.ActiveCfg = Debug|x64
		{290C4C98-1BD9-46F1-AF52-5DDEA956F146}.Debug|x64.Build.0 = Debug|x64
		{290C4C98-1BD9-46F1-AF52-5DDEA956F146}.Debug|x86.ActiveCfg = Debug|x86
		{290C4C98-1BD9-46F1-AF52-5DDEA956F146}.Debug|x86.Build.0 = Debug|x86
		{290C4C98-1BD9-46F1-AF52-5DDEA956F146}.Release|Any CPU.ActiveCfg = Release|Any CPU
		{290C4C98-1BD9-46F1-AF52-5DDEA956F146}.Release|Any CPU.Build.0 = Release|Any CPU
		{290C4C98-1BD9-46F1-AF52-5DDEA956F146}.Release|x64.ActiveCfg = Release|x64
		{290C4C98-1BD9-46F1-AF52-5DDEA956F146}.Release|x64.Build.0 = Release|x64
		{290C4C98-1BD9-46F1-AF52-5DDEA956F146}.Release|x86.ActiveCfg = Release|x86
		{290C4C98-1BD9-46F1-AF52-5DDEA956F146}.Release|x86.Build.0 = Release|x86
		{F2A4EC65-2EDC-4EDC-810D-0F755243E289}.Debug|Any CPU.ActiveCfg = Debug|Any CPU
		{F2A4EC65-2EDC-4EDC-810D-0F755243E289}.Debug|Any CPU.Build.0 = Debug|Any CPU
		{F2A4EC65-2EDC-4EDC-810D-0F755243E289}.Debug|x64.ActiveCfg = Debug|x64
		{F2A4EC65-2EDC-4EDC-810D-0F755243E289}.Debug|x64.Build.0 = Debug|x64
		{F2A4EC65-2EDC-4EDC-810D-0F755243E289}.Debug|x86.ActiveCfg = Debug|x86
		{F2A4EC65-2EDC-4EDC-810D-0F755243E289}.Debug|x86.Build.0 = Debug|x86
		{F2A4EC65-2EDC-4EDC-810D-0F755243E289}.Release|Any CPU.ActiveCfg = Release|Any CPU
		{F2A4EC65-2EDC-4EDC-810D-0F755243E289}.Release|Any CPU.Build.0 = Release|Any CPU
		{F2A4EC65-2EDC-4EDC-810D-0F755243E289}.Release|x64.ActiveCfg = Release|x64
		{F2A4EC65-2EDC-4EDC-810D-0F755243E289}.Release|x64.Build.0 = Release|x64
		{F2A4EC65-2EDC-4EDC-810D-0F755243E289}.Release|x86.ActiveCfg = Release|x86
		{F2A4EC65-2EDC-4EDC-810D-0F755243E289}.Release|x86.Build.0 = Release|x86
		{3215B6C9-D709-4786-B90C-B8772967FE7C}.Debug|Any CPU.ActiveCfg = Debug|Any CPU
		{3215B6C9-D709-4786-B90C-B8772967FE7C}.Debug|Any CPU.Build.0 = Debug|Any CPU
		{3215B6C9-D709-4786-B90C-B8772967FE7C}.Debug|x64.ActiveCfg = Debug|x64
		{3215B6C9-D709-4786-B90C-B8772967FE7C}.Debug|x64.Build.0 = Debug|x64
		{3215B6C9-D709-4786-B90C-B8772967FE7C}.Debug|x86.ActiveCfg = Debug|x86
		{3215B6C9-D709-4786-B90C-B8772967FE7C}.Debug|x86.Build.0 = Debug|x86
		{3215B6C9-D709-4786-B90C-B8772967FE7C}.Release|Any CPU.ActiveCfg = Release|Any CPU
		{3215B6C9-D709-4786-B90C-B8772967FE7C}.Release|Any CPU.Build.0 = Release|Any CPU
		{3215B6C9-D709-4786-B90C-B8772967FE7C}.Release|x64.ActiveCfg = Release|x64
		{3215B6C9-D709-4786-B90C-B8772967FE7C}.Release|x64.Build.0 = Release|x64
		{3215B6C9-D709-4786-B90C-B8772967FE7C}.Release|x86.ActiveCfg = Release|x86
		{3215B6C9-D709-4786-B90C-B8772967FE7C}.Release|x86.Build.0 = Release|x86
		{3AD8EE7E-AF10-4219-B5D8-EC4DC167F6EB}.Debug|Any CPU.ActiveCfg = Debug|Any CPU
		{3AD8EE7E-AF10-4219-B5D8-EC4DC167F6EB}.Debug|Any CPU.Build.0 = Debug|Any CPU
		{3AD8EE7E-AF10-4219-B5D8-EC4DC167F6EB}.Debug|x64.ActiveCfg = Debug|Any CPU
		{3AD8EE7E-AF10-4219-B5D8-EC4DC167F6EB}.Debug|x64.Build.0 = Debug|Any CPU
		{3AD8EE7E-AF10-4219-B5D8-EC4DC167F6EB}.Debug|x86.ActiveCfg = Debug|x86
		{3AD8EE7E-AF10-4219-B5D8-EC4DC167F6EB}.Debug|x86.Build.0 = Debug|x86
		{3AD8EE7E-AF10-4219-B5D8-EC4DC167F6EB}.Release|Any CPU.ActiveCfg = Release|Any CPU
		{3AD8EE7E-AF10-4219-B5D8-EC4DC167F6EB}.Release|Any CPU.Build.0 = Release|Any CPU
		{3AD8EE7E-AF10-4219-B5D8-EC4DC167F6EB}.Release|x64.ActiveCfg = Release|Any CPU
		{3AD8EE7E-AF10-4219-B5D8-EC4DC167F6EB}.Release|x64.Build.0 = Release|Any CPU
		{3AD8EE7E-AF10-4219-B5D8-EC4DC167F6EB}.Release|x86.ActiveCfg = Release|Any CPU
		{3AD8EE7E-AF10-4219-B5D8-EC4DC167F6EB}.Release|x86.Build.0 = Release|Any CPU
		{C6B14A01-1D95-4BAB-901B-3358A4A50719}.Debug|Any CPU.ActiveCfg = Debug|Any CPU
		{C6B14A01-1D95-4BAB-901B-3358A4A50719}.Debug|Any CPU.Build.0 = Debug|Any CPU
		{C6B14A01-1D95-4BAB-901B-3358A4A50719}.Debug|x64.ActiveCfg = Debug|Any CPU
		{C6B14A01-1D95-4BAB-901B-3358A4A50719}.Debug|x64.Build.0 = Debug|Any CPU
		{C6B14A01-1D95-4BAB-901B-3358A4A50719}.Debug|x86.ActiveCfg = Debug|x86
		{C6B14A01-1D95-4BAB-901B-3358A4A50719}.Debug|x86.Build.0 = Debug|x86
		{C6B14A01-1D95-4BAB-901B-3358A4A50719}.Release|Any CPU.ActiveCfg = Release|Any CPU
		{C6B14A01-1D95-4BAB-901B-3358A4A50719}.Release|Any CPU.Build.0 = Release|Any CPU
		{C6B14A01-1D95-4BAB-901B-3358A4A50719}.Release|x64.ActiveCfg = Release|Any CPU
		{C6B14A01-1D95-4BAB-901B-3358A4A50719}.Release|x64.Build.0 = Release|Any CPU
		{C6B14A01-1D95-4BAB-901B-3358A4A50719}.Release|x86.ActiveCfg = Release|Any CPU
		{C6B14A01-1D95-4BAB-901B-3358A4A50719}.Release|x86.Build.0 = Release|Any CPU
		{E787F6B0-3372-4DF8-8942-7E8789B83D85}.Debug|Any CPU.ActiveCfg = Debug|Any CPU
		{E787F6B0-3372-4DF8-8942-7E8789B83D85}.Debug|Any CPU.Build.0 = Debug|Any CPU
		{E787F6B0-3372-4DF8-8942-7E8789B83D85}.Debug|x64.ActiveCfg = Debug|Any CPU
		{E787F6B0-3372-4DF8-8942-7E8789B83D85}.Debug|x64.Build.0 = Debug|Any CPU
		{E787F6B0-3372-4DF8-8942-7E8789B83D85}.Debug|x86.ActiveCfg = Debug|x86
		{E787F6B0-3372-4DF8-8942-7E8789B83D85}.Debug|x86.Build.0 = Debug|x86
		{E787F6B0-3372-4DF8-8942-7E8789B83D85}.Release|Any CPU.ActiveCfg = Release|Any CPU
		{E787F6B0-3372-4DF8-8942-7E8789B83D85}.Release|Any CPU.Build.0 = Release|Any CPU
		{E787F6B0-3372-4DF8-8942-7E8789B83D85}.Release|x64.ActiveCfg = Release|Any CPU
		{E787F6B0-3372-4DF8-8942-7E8789B83D85}.Release|x64.Build.0 = Release|Any CPU
		{E787F6B0-3372-4DF8-8942-7E8789B83D85}.Release|x86.ActiveCfg = Release|Any CPU
		{E787F6B0-3372-4DF8-8942-7E8789B83D85}.Release|x86.Build.0 = Release|Any CPU
		{DFE3F4EE-2D6F-4B48-87C0-589CB5443133}.Debug|Any CPU.ActiveCfg = Debug|Any CPU
		{DFE3F4EE-2D6F-4B48-87C0-589CB5443133}.Debug|Any CPU.Build.0 = Debug|Any CPU
		{DFE3F4EE-2D6F-4B48-87C0-589CB5443133}.Debug|x64.ActiveCfg = Debug|Any CPU
		{DFE3F4EE-2D6F-4B48-87C0-589CB5443133}.Debug|x64.Build.0 = Debug|Any CPU
		{DFE3F4EE-2D6F-4B48-87C0-589CB5443133}.Debug|x86.ActiveCfg = Debug|x86
		{DFE3F4EE-2D6F-4B48-87C0-589CB5443133}.Debug|x86.Build.0 = Debug|x86
		{DFE3F4EE-2D6F-4B48-87C0-589CB5443133}.Release|Any CPU.ActiveCfg = Release|Any CPU
		{DFE3F4EE-2D6F-4B48-87C0-589CB5443133}.Release|Any CPU.Build.0 = Release|Any CPU
		{DFE3F4EE-2D6F-4B48-87C0-589CB5443133}.Release|x64.ActiveCfg = Release|Any CPU
		{DFE3F4EE-2D6F-4B48-87C0-589CB5443133}.Release|x64.Build.0 = Release|Any CPU
		{DFE3F4EE-2D6F-4B48-87C0-589CB5443133}.Release|x86.ActiveCfg = Release|Any CPU
		{DFE3F4EE-2D6F-4B48-87C0-589CB5443133}.Release|x86.Build.0 = Release|Any CPU
		{DC648E81-1876-48F8-87EA-8228BAFAEE96}.Debug|Any CPU.ActiveCfg = Debug|Any CPU
		{DC648E81-1876-48F8-87EA-8228BAFAEE96}.Debug|Any CPU.Build.0 = Debug|Any CPU
		{DC648E81-1876-48F8-87EA-8228BAFAEE96}.Debug|x64.ActiveCfg = Debug|Any CPU
		{DC648E81-1876-48F8-87EA-8228BAFAEE96}.Debug|x64.Build.0 = Debug|Any CPU
		{DC648E81-1876-48F8-87EA-8228BAFAEE96}.Debug|x86.ActiveCfg = Debug|x86
		{DC648E81-1876-48F8-87EA-8228BAFAEE96}.Debug|x86.Build.0 = Debug|x86
		{DC648E81-1876-48F8-87EA-8228BAFAEE96}.Release|Any CPU.ActiveCfg = Release|Any CPU
		{DC648E81-1876-48F8-87EA-8228BAFAEE96}.Release|Any CPU.Build.0 = Release|Any CPU
		{DC648E81-1876-48F8-87EA-8228BAFAEE96}.Release|x64.ActiveCfg = Release|Any CPU
		{DC648E81-1876-48F8-87EA-8228BAFAEE96}.Release|x64.Build.0 = Release|Any CPU
		{DC648E81-1876-48F8-87EA-8228BAFAEE96}.Release|x86.ActiveCfg = Release|Any CPU
		{DC648E81-1876-48F8-87EA-8228BAFAEE96}.Release|x86.Build.0 = Release|Any CPU
	EndGlobalSection
	GlobalSection(SolutionProperties) = preSolution
		HideSolutionNode = FALSE
	EndGlobalSection
EndGlobal
